// !$*UTF8*$!
{
	archiveVersion = 1;
	classes = {
	};
	objectVersion = 51;
	objects = {

/* Begin PBXBuildFile section */
		2706E66925AE5A4500996A8B /* CustomImagePollWidgetViewController.swift in Sources */ = {isa = PBXBuildFile; fileRef = 2706E66825AE5A4500996A8B /* CustomImagePollWidgetViewController.swift */; };
		2706E66C25AE5AC900996A8B /* CustomImageOptionCell.swift in Sources */ = {isa = PBXBuildFile; fileRef = 2706E66B25AE5AC900996A8B /* CustomImageOptionCell.swift */; };
		2757FD31249955FA00DCE8C0 /* CreateEnterChatRoomUseCase.swift in Sources */ = {isa = PBXBuildFile; fileRef = 2757FD30249955FA00DCE8C0 /* CreateEnterChatRoomUseCase.swift */; };
		276401B3243BB0080016C2FC /* Utils+UserDefaults.swift in Sources */ = {isa = PBXBuildFile; fileRef = 276401B2243BB0080016C2FC /* Utils+UserDefaults.swift */; };
		276401B6243BB5480016C2FC /* WidgetChatSpoilerPreventionUseCase.swift in Sources */ = {isa = PBXBuildFile; fileRef = 276401B5243BB5480016C2FC /* WidgetChatSpoilerPreventionUseCase.swift */; };
		2772CEBA25AE7A8E00EA27CE /* CustomWidgetBarTimer.swift in Sources */ = {isa = PBXBuildFile; fileRef = 2772CEB925AE7A8E00EA27CE /* CustomWidgetBarTimer.swift */; };
		2772CEBE25AE7AA800EA27CE /* CustomImagePollWidgetViewController.swift in Sources */ = {isa = PBXBuildFile; fileRef = 2772CEBC25AE7AA800EA27CE /* CustomImagePollWidgetViewController.swift */; };
		2772CEBF25AE7AA800EA27CE /* CustomImageOptionCell.swift in Sources */ = {isa = PBXBuildFile; fileRef = 2772CEBD25AE7AA800EA27CE /* CustomImageOptionCell.swift */; };
		2772CEC925AE7B5800EA27CE /* CustomImageSliderView.swift in Sources */ = {isa = PBXBuildFile; fileRef = 2772CEC725AE7B5800EA27CE /* CustomImageSliderView.swift */; };
		2772CECA25AE7B5800EA27CE /* CustomImageSliderViewController.swift in Sources */ = {isa = PBXBuildFile; fileRef = 2772CEC825AE7B5800EA27CE /* CustomImageSliderViewController.swift */; };
		2772CED125AE7B7500EA27CE /* CustomTextPollWidgetViewController.swift in Sources */ = {isa = PBXBuildFile; fileRef = 2772CECC25AE7B7500EA27CE /* CustomTextPollWidgetViewController.swift */; };
		2772CED225AE7B7500EA27CE /* CustomTextChoiceWidgetView.swift in Sources */ = {isa = PBXBuildFile; fileRef = 2772CECD25AE7B7500EA27CE /* CustomTextChoiceWidgetView.swift */; };
		2772CED325AE7B7500EA27CE /* CustomTextPredictionWidgetViewController.swift in Sources */ = {isa = PBXBuildFile; fileRef = 2772CECE25AE7B7500EA27CE /* CustomTextPredictionWidgetViewController.swift */; };
		2772CED425AE7B7500EA27CE /* CustomTextPredictionFollowUpViewController.swift in Sources */ = {isa = PBXBuildFile; fileRef = 2772CECF25AE7B7500EA27CE /* CustomTextPredictionFollowUpViewController.swift */; };
		2772CED525AE7B7500EA27CE /* CustomTextQuizWidgetViewController.swift in Sources */ = {isa = PBXBuildFile; fileRef = 2772CED025AE7B7500EA27CE /* CustomTextQuizWidgetViewController.swift */; };
		2772CED825AE7C5300EA27CE /* CustomImagePredictionWidget.swift in Sources */ = {isa = PBXBuildFile; fileRef = 2772CED725AE7C5300EA27CE /* CustomImagePredictionWidget.swift */; };
		2772CEE725AE7E7C00EA27CE /* CustomWidgetOptionsView.swift in Sources */ = {isa = PBXBuildFile; fileRef = 2772CEE625AE7E7C00EA27CE /* CustomWidgetOptionsView.swift */; };
		2772CEF025AE800F00EA27CE /* CustomImageQuizWidgetViewController.swift in Sources */ = {isa = PBXBuildFile; fileRef = 2772CEEF25AE800F00EA27CE /* CustomImageQuizWidgetViewController.swift */; };
		2772CEF725AE81B900EA27CE /* CustomImgPredictionFollowUpWidgetVC.swift in Sources */ = {isa = PBXBuildFile; fileRef = 2772CEF625AE81B900EA27CE /* CustomImgPredictionFollowUpWidgetVC.swift */; };
		27C83D02243B8D44009F35DA /* WidgetsUseCase.swift in Sources */ = {isa = PBXBuildFile; fileRef = 27C83D01243B8D44009F35DA /* WidgetsUseCase.swift */; };
		767AFD57243B8B2600F85E8A /* ChatUseCase.swift in Sources */ = {isa = PBXBuildFile; fileRef = 767AFD56243B8B2600F85E8A /* ChatUseCase.swift */; };
		76FE3E922437990E003F179B /* AppDelegate.swift in Sources */ = {isa = PBXBuildFile; fileRef = 76FE3E912437990E003F179B /* AppDelegate.swift */; };
		76FE3E942437990E003F179B /* SceneDelegate.swift in Sources */ = {isa = PBXBuildFile; fileRef = 76FE3E932437990E003F179B /* SceneDelegate.swift */; };
		76FE3E962437990E003F179B /* HomeViewController.swift in Sources */ = {isa = PBXBuildFile; fileRef = 76FE3E952437990E003F179B /* HomeViewController.swift */; };
		76FE3E992437990E003F179B /* Main.storyboard in Resources */ = {isa = PBXBuildFile; fileRef = 76FE3E972437990E003F179B /* Main.storyboard */; };
		76FE3E9B24379912003F179B /* Assets.xcassets in Resources */ = {isa = PBXBuildFile; fileRef = 76FE3E9A24379912003F179B /* Assets.xcassets */; };
		76FE3E9E24379912003F179B /* LaunchScreen.storyboard in Resources */ = {isa = PBXBuildFile; fileRef = 76FE3E9C24379912003F179B /* LaunchScreen.storyboard */; };
		D0F08AFAE8A6FB59BFC17641 /* Pods_Sample_App.framework in Frameworks */ = {isa = PBXBuildFile; fileRef = B9141840A08C79EA20A86BA4 /* Pods_Sample_App.framework */; };
		D3F9FC1A25A4DEB400ECBAA5 /* CustomWidgetsUseCase.swift in Sources */ = {isa = PBXBuildFile; fileRef = D3F9FC1925A4DEB400ECBAA5 /* CustomWidgetsUseCase.swift */; };
		D3F9FC2325A4E0E000ECBAA5 /* CustomAlertWidgetViewController.swift in Sources */ = {isa = PBXBuildFile; fileRef = D3F9FC2125A4E0E000ECBAA5 /* CustomAlertWidgetViewController.swift */; };
		D3F9FC2425A4E0E000ECBAA5 /* CustomAlertWidgetView.swift in Sources */ = {isa = PBXBuildFile; fileRef = D3F9FC2225A4E0E000ECBAA5 /* CustomAlertWidgetView.swift */; };
/* End PBXBuildFile section */

/* Begin PBXFileReference section */
		18CA8D5CBB21254E2489C76B /* Pods-Sample App.release.xcconfig */ = {isa = PBXFileReference; includeInIndex = 1; lastKnownFileType = text.xcconfig; name = "Pods-Sample App.release.xcconfig"; path = "Target Support Files/Pods-Sample App/Pods-Sample App.release.xcconfig"; sourceTree = "<group>"; };
		2706E66825AE5A4500996A8B /* CustomImagePollWidgetViewController.swift */ = {isa = PBXFileReference; lastKnownFileType = sourcecode.swift; path = CustomImagePollWidgetViewController.swift; sourceTree = "<group>"; };
		2706E66B25AE5AC900996A8B /* CustomImageOptionCell.swift */ = {isa = PBXFileReference; fileEncoding = 4; lastKnownFileType = sourcecode.swift; path = CustomImageOptionCell.swift; sourceTree = "<group>"; };
		2757FD30249955FA00DCE8C0 /* CreateEnterChatRoomUseCase.swift */ = {isa = PBXFileReference; lastKnownFileType = sourcecode.swift; path = CreateEnterChatRoomUseCase.swift; sourceTree = "<group>"; };
		276401B2243BB0080016C2FC /* Utils+UserDefaults.swift */ = {isa = PBXFileReference; fileEncoding = 4; lastKnownFileType = sourcecode.swift; path = "Utils+UserDefaults.swift"; sourceTree = "<group>"; };
		276401B5243BB5480016C2FC /* WidgetChatSpoilerPreventionUseCase.swift */ = {isa = PBXFileReference; lastKnownFileType = sourcecode.swift; path = WidgetChatSpoilerPreventionUseCase.swift; sourceTree = "<group>"; };
		2772CEB925AE7A8E00EA27CE /* CustomWidgetBarTimer.swift */ = {isa = PBXFileReference; fileEncoding = 4; lastKnownFileType = sourcecode.swift; path = CustomWidgetBarTimer.swift; sourceTree = "<group>"; };
		2772CEBC25AE7AA800EA27CE /* CustomImagePollWidgetViewController.swift */ = {isa = PBXFileReference; fileEncoding = 4; lastKnownFileType = sourcecode.swift; path = CustomImagePollWidgetViewController.swift; sourceTree = "<group>"; };
		2772CEBD25AE7AA800EA27CE /* CustomImageOptionCell.swift */ = {isa = PBXFileReference; fileEncoding = 4; lastKnownFileType = sourcecode.swift; path = CustomImageOptionCell.swift; sourceTree = "<group>"; };
		2772CEC725AE7B5800EA27CE /* CustomImageSliderView.swift */ = {isa = PBXFileReference; fileEncoding = 4; lastKnownFileType = sourcecode.swift; path = CustomImageSliderView.swift; sourceTree = "<group>"; };
		2772CEC825AE7B5800EA27CE /* CustomImageSliderViewController.swift */ = {isa = PBXFileReference; fileEncoding = 4; lastKnownFileType = sourcecode.swift; path = CustomImageSliderViewController.swift; sourceTree = "<group>"; };
		2772CECC25AE7B7500EA27CE /* CustomTextPollWidgetViewController.swift */ = {isa = PBXFileReference; fileEncoding = 4; lastKnownFileType = sourcecode.swift; path = CustomTextPollWidgetViewController.swift; sourceTree = "<group>"; };
		2772CECD25AE7B7500EA27CE /* CustomTextChoiceWidgetView.swift */ = {isa = PBXFileReference; fileEncoding = 4; lastKnownFileType = sourcecode.swift; path = CustomTextChoiceWidgetView.swift; sourceTree = "<group>"; };
		2772CECE25AE7B7500EA27CE /* CustomTextPredictionWidgetViewController.swift */ = {isa = PBXFileReference; fileEncoding = 4; lastKnownFileType = sourcecode.swift; path = CustomTextPredictionWidgetViewController.swift; sourceTree = "<group>"; };
		2772CECF25AE7B7500EA27CE /* CustomTextPredictionFollowUpViewController.swift */ = {isa = PBXFileReference; fileEncoding = 4; lastKnownFileType = sourcecode.swift; path = CustomTextPredictionFollowUpViewController.swift; sourceTree = "<group>"; };
		2772CED025AE7B7500EA27CE /* CustomTextQuizWidgetViewController.swift */ = {isa = PBXFileReference; fileEncoding = 4; lastKnownFileType = sourcecode.swift; path = CustomTextQuizWidgetViewController.swift; sourceTree = "<group>"; };
		2772CED725AE7C5300EA27CE /* CustomImagePredictionWidget.swift */ = {isa = PBXFileReference; lastKnownFileType = sourcecode.swift; path = CustomImagePredictionWidget.swift; sourceTree = "<group>"; };
		2772CEE625AE7E7C00EA27CE /* CustomWidgetOptionsView.swift */ = {isa = PBXFileReference; lastKnownFileType = sourcecode.swift; path = CustomWidgetOptionsView.swift; sourceTree = "<group>"; };
		2772CEEF25AE800F00EA27CE /* CustomImageQuizWidgetViewController.swift */ = {isa = PBXFileReference; lastKnownFileType = sourcecode.swift; path = CustomImageQuizWidgetViewController.swift; sourceTree = "<group>"; };
		2772CEF625AE81B900EA27CE /* CustomImgPredictionFollowUpWidgetVC.swift */ = {isa = PBXFileReference; lastKnownFileType = sourcecode.swift; path = CustomImgPredictionFollowUpWidgetVC.swift; sourceTree = "<group>"; };
		27C83D01243B8D44009F35DA /* WidgetsUseCase.swift */ = {isa = PBXFileReference; lastKnownFileType = sourcecode.swift; path = WidgetsUseCase.swift; sourceTree = "<group>"; };
		767AFD56243B8B2600F85E8A /* ChatUseCase.swift */ = {isa = PBXFileReference; lastKnownFileType = sourcecode.swift; path = ChatUseCase.swift; sourceTree = "<group>"; };
		76FE3E8E2437990E003F179B /* Sample App.app */ = {isa = PBXFileReference; explicitFileType = wrapper.application; includeInIndex = 0; path = "Sample App.app"; sourceTree = BUILT_PRODUCTS_DIR; };
		76FE3E912437990E003F179B /* AppDelegate.swift */ = {isa = PBXFileReference; lastKnownFileType = sourcecode.swift; path = AppDelegate.swift; sourceTree = "<group>"; };
		76FE3E932437990E003F179B /* SceneDelegate.swift */ = {isa = PBXFileReference; lastKnownFileType = sourcecode.swift; path = SceneDelegate.swift; sourceTree = "<group>"; };
		76FE3E952437990E003F179B /* HomeViewController.swift */ = {isa = PBXFileReference; lastKnownFileType = sourcecode.swift; path = HomeViewController.swift; sourceTree = "<group>"; };
		76FE3E982437990E003F179B /* Base */ = {isa = PBXFileReference; lastKnownFileType = file.storyboard; name = Base; path = Base.lproj/Main.storyboard; sourceTree = "<group>"; };
		76FE3E9A24379912003F179B /* Assets.xcassets */ = {isa = PBXFileReference; lastKnownFileType = folder.assetcatalog; path = Assets.xcassets; sourceTree = "<group>"; };
		76FE3E9D24379912003F179B /* Base */ = {isa = PBXFileReference; lastKnownFileType = file.storyboard; name = Base; path = Base.lproj/LaunchScreen.storyboard; sourceTree = "<group>"; };
		76FE3E9F24379912003F179B /* Info.plist */ = {isa = PBXFileReference; lastKnownFileType = text.plist.xml; path = Info.plist; sourceTree = "<group>"; };
		842A1B4B833DABFEBA36D5AF /* Pods-Sample App.debug.xcconfig */ = {isa = PBXFileReference; includeInIndex = 1; lastKnownFileType = text.xcconfig; name = "Pods-Sample App.debug.xcconfig"; path = "Target Support Files/Pods-Sample App/Pods-Sample App.debug.xcconfig"; sourceTree = "<group>"; };
		B9141840A08C79EA20A86BA4 /* Pods_Sample_App.framework */ = {isa = PBXFileReference; explicitFileType = wrapper.framework; includeInIndex = 0; path = Pods_Sample_App.framework; sourceTree = BUILT_PRODUCTS_DIR; };
		D3F9FC1925A4DEB400ECBAA5 /* CustomWidgetsUseCase.swift */ = {isa = PBXFileReference; lastKnownFileType = sourcecode.swift; path = CustomWidgetsUseCase.swift; sourceTree = "<group>"; };
		D3F9FC2125A4E0E000ECBAA5 /* CustomAlertWidgetViewController.swift */ = {isa = PBXFileReference; fileEncoding = 4; lastKnownFileType = sourcecode.swift; path = CustomAlertWidgetViewController.swift; sourceTree = "<group>"; };
		D3F9FC2225A4E0E000ECBAA5 /* CustomAlertWidgetView.swift */ = {isa = PBXFileReference; fileEncoding = 4; lastKnownFileType = sourcecode.swift; path = CustomAlertWidgetView.swift; sourceTree = "<group>"; };
/* End PBXFileReference section */

/* Begin PBXFrameworksBuildPhase section */
		76FE3E8B2437990E003F179B /* Frameworks */ = {
			isa = PBXFrameworksBuildPhase;
			buildActionMask = 2147483647;
			files = (
				D0F08AFAE8A6FB59BFC17641 /* Pods_Sample_App.framework in Frameworks */,
			);
			runOnlyForDeploymentPostprocessing = 0;
		};
/* End PBXFrameworksBuildPhase section */

/* Begin PBXGroup section */
		044B0B2B23A14386AE38E6F3 /* Pods */ = {
			isa = PBXGroup;
			children = (
				842A1B4B833DABFEBA36D5AF /* Pods-Sample App.debug.xcconfig */,
				18CA8D5CBB21254E2489C76B /* Pods-Sample App.release.xcconfig */,
			);
			path = Pods;
			sourceTree = "<group>";
		};
		276401B4243BB5170016C2FC /* Use Cases */ = {
			isa = PBXGroup;
			children = (
				767AFD56243B8B2600F85E8A /* ChatUseCase.swift */,
				27C83D01243B8D44009F35DA /* WidgetsUseCase.swift */,
				276401B5243BB5480016C2FC /* WidgetChatSpoilerPreventionUseCase.swift */,
				2757FD30249955FA00DCE8C0 /* CreateEnterChatRoomUseCase.swift */,
				D3F9FC1925A4DEB400ECBAA5 /* CustomWidgetsUseCase.swift */,
			);
			path = "Use Cases";
			sourceTree = "<group>";
		};
		428C6B113A5538601734FB76 /* Frameworks */ = {
			isa = PBXGroup;
			children = (
				B9141840A08C79EA20A86BA4 /* Pods_Sample_App.framework */,
			);
			name = Frameworks;
			sourceTree = "<group>";
		};
		76FE3E852437990E003F179B = {
			isa = PBXGroup;
			children = (
				76FE3E902437990E003F179B /* Sample App */,
				76FE3E8F2437990E003F179B /* Products */,
				044B0B2B23A14386AE38E6F3 /* Pods */,
				428C6B113A5538601734FB76 /* Frameworks */,
			);
			sourceTree = "<group>";
		};
		76FE3E8F2437990E003F179B /* Products */ = {
			isa = PBXGroup;
			children = (
				76FE3E8E2437990E003F179B /* Sample App.app */,
			);
			name = Products;
			sourceTree = "<group>";
		};
		76FE3E902437990E003F179B /* Sample App */ = {
			isa = PBXGroup;
			children = (
				D3F9FC1F25A4E0C500ECBAA5 /* Custom Widgets */,
				76FE3E912437990E003F179B /* AppDelegate.swift */,
				76FE3E952437990E003F179B /* HomeViewController.swift */,
				276401B4243BB5170016C2FC /* Use Cases */,
				76FE3E932437990E003F179B /* SceneDelegate.swift */,
				276401B2243BB0080016C2FC /* Utils+UserDefaults.swift */,
				76FE3E972437990E003F179B /* Main.storyboard */,
				76FE3E9A24379912003F179B /* Assets.xcassets */,
				76FE3E9C24379912003F179B /* LaunchScreen.storyboard */,
				76FE3E9F24379912003F179B /* Info.plist */,
			);
			path = "Sample App";
			sourceTree = "<group>";
		};
		D3F9FC1F25A4E0C500ECBAA5 /* Custom Widgets */ = {
			isa = PBXGroup;
			children = (
				2772CECD25AE7B7500EA27CE /* CustomTextChoiceWidgetView.swift */,
				2772CECC25AE7B7500EA27CE /* CustomTextPollWidgetViewController.swift */,
				2772CECF25AE7B7500EA27CE /* CustomTextPredictionFollowUpViewController.swift */,
				2772CECE25AE7B7500EA27CE /* CustomTextPredictionWidgetViewController.swift */,
				2772CED025AE7B7500EA27CE /* CustomTextQuizWidgetViewController.swift */,
				2772CEC725AE7B5800EA27CE /* CustomImageSliderView.swift */,
				2772CEC825AE7B5800EA27CE /* CustomImageSliderViewController.swift */,
				2772CEBD25AE7AA800EA27CE /* CustomImageOptionCell.swift */,
				2772CEBC25AE7AA800EA27CE /* CustomImagePollWidgetViewController.swift */,
				2772CEB925AE7A8E00EA27CE /* CustomWidgetBarTimer.swift */,
				2706E66B25AE5AC900996A8B /* CustomImageOptionCell.swift */,
				D3F9FC2225A4E0E000ECBAA5 /* CustomAlertWidgetView.swift */,
				D3F9FC2125A4E0E000ECBAA5 /* CustomAlertWidgetViewController.swift */,
				2706E66825AE5A4500996A8B /* CustomImagePollWidgetViewController.swift */,
				2772CED725AE7C5300EA27CE /* CustomImagePredictionWidget.swift */,
				2772CEE625AE7E7C00EA27CE /* CustomWidgetOptionsView.swift */,
				2772CEEF25AE800F00EA27CE /* CustomImageQuizWidgetViewController.swift */,
				2772CEF625AE81B900EA27CE /* CustomImgPredictionFollowUpWidgetVC.swift */,
			);
			path = "Custom Widgets";
			sourceTree = "<group>";
		};
/* End PBXGroup section */

/* Begin PBXNativeTarget section */
		76FE3E8D2437990E003F179B /* Sample App */ = {
			isa = PBXNativeTarget;
			buildConfigurationList = 76FE3EA224379912003F179B /* Build configuration list for PBXNativeTarget "Sample App" */;
			buildPhases = (
				0D5ECC725552C88313BD3B34 /* [CP] Check Pods Manifest.lock */,
				76FE3E8A2437990E003F179B /* Sources */,
				76FE3E8B2437990E003F179B /* Frameworks */,
				76FE3E8C2437990E003F179B /* Resources */,
				21067B2B072CA070708236D7 /* [CP] Embed Pods Frameworks */,
			);
			buildRules = (
			);
			dependencies = (
			);
			name = "Sample App";
			productName = "Sample App";
			productReference = 76FE3E8E2437990E003F179B /* Sample App.app */;
			productType = "com.apple.product-type.application";
		};
/* End PBXNativeTarget section */

/* Begin PBXProject section */
		76FE3E862437990E003F179B /* Project object */ = {
			isa = PBXProject;
			attributes = {
				LastSwiftUpdateCheck = 1140;
				LastUpgradeCheck = 1140;
				ORGANIZATIONNAME = LiveLike;
				TargetAttributes = {
					76FE3E8D2437990E003F179B = {
						CreatedOnToolsVersion = 11.4;
					};
				};
			};
			buildConfigurationList = 76FE3E892437990E003F179B /* Build configuration list for PBXProject "Sample App" */;
			compatibilityVersion = "Xcode 9.3";
			developmentRegion = en;
			hasScannedForEncodings = 0;
			knownRegions = (
				en,
				Base,
			);
			mainGroup = 76FE3E852437990E003F179B;
			productRefGroup = 76FE3E8F2437990E003F179B /* Products */;
			projectDirPath = "";
			projectRoot = "";
			targets = (
				76FE3E8D2437990E003F179B /* Sample App */,
			);
		};
/* End PBXProject section */

/* Begin PBXResourcesBuildPhase section */
		76FE3E8C2437990E003F179B /* Resources */ = {
			isa = PBXResourcesBuildPhase;
			buildActionMask = 2147483647;
			files = (
				76FE3E9E24379912003F179B /* LaunchScreen.storyboard in Resources */,
				76FE3E9B24379912003F179B /* Assets.xcassets in Resources */,
				76FE3E992437990E003F179B /* Main.storyboard in Resources */,
			);
			runOnlyForDeploymentPostprocessing = 0;
		};
/* End PBXResourcesBuildPhase section */

/* Begin PBXShellScriptBuildPhase section */
		0D5ECC725552C88313BD3B34 /* [CP] Check Pods Manifest.lock */ = {
			isa = PBXShellScriptBuildPhase;
			buildActionMask = 2147483647;
			files = (
			);
			inputFileListPaths = (
			);
			inputPaths = (
				"${PODS_PODFILE_DIR_PATH}/Podfile.lock",
				"${PODS_ROOT}/Manifest.lock",
			);
			name = "[CP] Check Pods Manifest.lock";
			outputFileListPaths = (
			);
			outputPaths = (
				"$(DERIVED_FILE_DIR)/Pods-Sample App-checkManifestLockResult.txt",
			);
			runOnlyForDeploymentPostprocessing = 0;
			shellPath = /bin/sh;
			shellScript = "diff \"${PODS_PODFILE_DIR_PATH}/Podfile.lock\" \"${PODS_ROOT}/Manifest.lock\" > /dev/null\nif [ $? != 0 ] ; then\n    # print error to STDERR\n    echo \"error: The sandbox is not in sync with the Podfile.lock. Run 'pod install' or update your CocoaPods installation.\" >&2\n    exit 1\nfi\n# This output is used by Xcode 'outputs' to avoid re-running this script phase.\necho \"SUCCESS\" > \"${SCRIPT_OUTPUT_FILE_0}\"\n";
			showEnvVarsInLog = 0;
		};
		21067B2B072CA070708236D7 /* [CP] Embed Pods Frameworks */ = {
			isa = PBXShellScriptBuildPhase;
			buildActionMask = 2147483647;
			files = (
			);
			inputFileListPaths = (
				"${PODS_ROOT}/Target Support Files/Pods-Sample App/Pods-Sample App-frameworks-${CONFIGURATION}-input-files.xcfilelist",
			);
			inputPaths = (
				"${PODS_ROOT}/Target Support Files/Pods-Sample App/Pods-Sample App-frameworks.sh",
				"${BUILT_PRODUCTS_DIR}/EngagementSDK/EngagementSDK.framework",
				"${BUILT_PRODUCTS_DIR}/Mixpanel-swift/Mixpanel.framework",
				"${BUILT_PRODUCTS_DIR}/PubNub/PubNub.framework",
				"${BUILT_PRODUCTS_DIR}/lottie-ios/Lottie.framework",
			);
			name = "[CP] Embed Pods Frameworks";
			outputFileListPaths = (
				"${PODS_ROOT}/Target Support Files/Pods-Sample App/Pods-Sample App-frameworks-${CONFIGURATION}-output-files.xcfilelist",
			);
			outputPaths = (
			);
			runOnlyForDeploymentPostprocessing = 0;
			shellPath = /bin/sh;
			shellScript = "\"${PODS_ROOT}/Target Support Files/Pods-Sample App/Pods-Sample App-frameworks.sh\"\n";
			showEnvVarsInLog = 0;
		};
/* End PBXShellScriptBuildPhase section */

/* Begin PBXSourcesBuildPhase section */
		76FE3E8A2437990E003F179B /* Sources */ = {
			isa = PBXSourcesBuildPhase;
			buildActionMask = 2147483647;
			files = (
				2772CEBA25AE7A8E00EA27CE /* CustomWidgetBarTimer.swift in Sources */,
				2772CEE725AE7E7C00EA27CE /* CustomWidgetOptionsView.swift in Sources */,
				2772CED425AE7B7500EA27CE /* CustomTextPredictionFollowUpViewController.swift in Sources */,
				2772CED125AE7B7500EA27CE /* CustomTextPollWidgetViewController.swift in Sources */,
				2772CED525AE7B7500EA27CE /* CustomTextQuizWidgetViewController.swift in Sources */,
				D3F9FC2425A4E0E000ECBAA5 /* CustomAlertWidgetView.swift in Sources */,
				2772CEC925AE7B5800EA27CE /* CustomImageSliderView.swift in Sources */,
				2706E66C25AE5AC900996A8B /* CustomImageOptionCell.swift in Sources */,
				2772CEF025AE800F00EA27CE /* CustomImageQuizWidgetViewController.swift in Sources */,
				2772CECA25AE7B5800EA27CE /* CustomImageSliderViewController.swift in Sources */,
				276401B6243BB5480016C2FC /* WidgetChatSpoilerPreventionUseCase.swift in Sources */,
				D3F9FC2325A4E0E000ECBAA5 /* CustomAlertWidgetViewController.swift in Sources */,
				2706E66925AE5A4500996A8B /* CustomImagePollWidgetViewController.swift in Sources */,
				276401B3243BB0080016C2FC /* Utils+UserDefaults.swift in Sources */,
				2772CEBE25AE7AA800EA27CE /* CustomImagePollWidgetViewController.swift in Sources */,
				27C83D02243B8D44009F35DA /* WidgetsUseCase.swift in Sources */,
				76FE3E962437990E003F179B /* HomeViewController.swift in Sources */,
				767AFD57243B8B2600F85E8A /* ChatUseCase.swift in Sources */,
				2772CEF725AE81B900EA27CE /* CustomImgPredictionFollowUpWidgetVC.swift in Sources */,
				76FE3E922437990E003F179B /* AppDelegate.swift in Sources */,
				D3F9FC1A25A4DEB400ECBAA5 /* CustomWidgetsUseCase.swift in Sources */,
				2772CED325AE7B7500EA27CE /* CustomTextPredictionWidgetViewController.swift in Sources */,
				2772CEBF25AE7AA800EA27CE /* CustomImageOptionCell.swift in Sources */,
				2757FD31249955FA00DCE8C0 /* CreateEnterChatRoomUseCase.swift in Sources */,
				2772CED825AE7C5300EA27CE /* CustomImagePredictionWidget.swift in Sources */,
				2772CED225AE7B7500EA27CE /* CustomTextChoiceWidgetView.swift in Sources */,
				76FE3E942437990E003F179B /* SceneDelegate.swift in Sources */,
			);
			runOnlyForDeploymentPostprocessing = 0;
		};
/* End PBXSourcesBuildPhase section */

/* Begin PBXVariantGroup section */
		76FE3E972437990E003F179B /* Main.storyboard */ = {
			isa = PBXVariantGroup;
			children = (
				76FE3E982437990E003F179B /* Base */,
			);
			name = Main.storyboard;
			sourceTree = "<group>";
		};
		76FE3E9C24379912003F179B /* LaunchScreen.storyboard */ = {
			isa = PBXVariantGroup;
			children = (
				76FE3E9D24379912003F179B /* Base */,
			);
			name = LaunchScreen.storyboard;
			sourceTree = "<group>";
		};
/* End PBXVariantGroup section */

/* Begin XCBuildConfiguration section */
		76FE3EA024379912003F179B /* Debug */ = {
			isa = XCBuildConfiguration;
			buildSettings = {
				ALWAYS_SEARCH_USER_PATHS = NO;
				CLANG_ANALYZER_NONNULL = YES;
				CLANG_ANALYZER_NUMBER_OBJECT_CONVERSION = YES_AGGRESSIVE;
				CLANG_CXX_LANGUAGE_STANDARD = "gnu++14";
				CLANG_CXX_LIBRARY = "libc++";
				CLANG_ENABLE_MODULES = YES;
				CLANG_ENABLE_OBJC_ARC = YES;
				CLANG_ENABLE_OBJC_WEAK = YES;
				CLANG_WARN_BLOCK_CAPTURE_AUTORELEASING = YES;
				CLANG_WARN_BOOL_CONVERSION = YES;
				CLANG_WARN_COMMA = YES;
				CLANG_WARN_CONSTANT_CONVERSION = YES;
				CLANG_WARN_DEPRECATED_OBJC_IMPLEMENTATIONS = YES;
				CLANG_WARN_DIRECT_OBJC_ISA_USAGE = YES_ERROR;
				CLANG_WARN_DOCUMENTATION_COMMENTS = YES;
				CLANG_WARN_EMPTY_BODY = YES;
				CLANG_WARN_ENUM_CONVERSION = YES;
				CLANG_WARN_INFINITE_RECURSION = YES;
				CLANG_WARN_INT_CONVERSION = YES;
				CLANG_WARN_NON_LITERAL_NULL_CONVERSION = YES;
				CLANG_WARN_OBJC_IMPLICIT_RETAIN_SELF = YES;
				CLANG_WARN_OBJC_LITERAL_CONVERSION = YES;
				CLANG_WARN_OBJC_ROOT_CLASS = YES_ERROR;
				CLANG_WARN_RANGE_LOOP_ANALYSIS = YES;
				CLANG_WARN_STRICT_PROTOTYPES = YES;
				CLANG_WARN_SUSPICIOUS_MOVE = YES;
				CLANG_WARN_UNGUARDED_AVAILABILITY = YES_AGGRESSIVE;
				CLANG_WARN_UNREACHABLE_CODE = YES;
				CLANG_WARN__DUPLICATE_METHOD_MATCH = YES;
				COPY_PHASE_STRIP = NO;
				DEBUG_INFORMATION_FORMAT = dwarf;
				ENABLE_STRICT_OBJC_MSGSEND = YES;
				ENABLE_TESTABILITY = YES;
				GCC_C_LANGUAGE_STANDARD = gnu11;
				GCC_DYNAMIC_NO_PIC = NO;
				GCC_NO_COMMON_BLOCKS = YES;
				GCC_OPTIMIZATION_LEVEL = 0;
				GCC_PREPROCESSOR_DEFINITIONS = (
					"DEBUG=1",
					"$(inherited)",
				);
				GCC_WARN_64_TO_32_BIT_CONVERSION = YES;
				GCC_WARN_ABOUT_RETURN_TYPE = YES_ERROR;
				GCC_WARN_UNDECLARED_SELECTOR = YES;
				GCC_WARN_UNINITIALIZED_AUTOS = YES_AGGRESSIVE;
				GCC_WARN_UNUSED_FUNCTION = YES;
				GCC_WARN_UNUSED_VARIABLE = YES;
				IPHONEOS_DEPLOYMENT_TARGET = 11.0;
				MTL_ENABLE_DEBUG_INFO = INCLUDE_SOURCE;
				MTL_FAST_MATH = YES;
				ONLY_ACTIVE_ARCH = YES;
				SDKROOT = iphoneos;
				SWIFT_ACTIVE_COMPILATION_CONDITIONS = DEBUG;
				SWIFT_OPTIMIZATION_LEVEL = "-Onone";
			};
			name = Debug;
		};
		76FE3EA124379912003F179B /* Release */ = {
			isa = XCBuildConfiguration;
			buildSettings = {
				ALWAYS_SEARCH_USER_PATHS = NO;
				CLANG_ANALYZER_NONNULL = YES;
				CLANG_ANALYZER_NUMBER_OBJECT_CONVERSION = YES_AGGRESSIVE;
				CLANG_CXX_LANGUAGE_STANDARD = "gnu++14";
				CLANG_CXX_LIBRARY = "libc++";
				CLANG_ENABLE_MODULES = YES;
				CLANG_ENABLE_OBJC_ARC = YES;
				CLANG_ENABLE_OBJC_WEAK = YES;
				CLANG_WARN_BLOCK_CAPTURE_AUTORELEASING = YES;
				CLANG_WARN_BOOL_CONVERSION = YES;
				CLANG_WARN_COMMA = YES;
				CLANG_WARN_CONSTANT_CONVERSION = YES;
				CLANG_WARN_DEPRECATED_OBJC_IMPLEMENTATIONS = YES;
				CLANG_WARN_DIRECT_OBJC_ISA_USAGE = YES_ERROR;
				CLANG_WARN_DOCUMENTATION_COMMENTS = YES;
				CLANG_WARN_EMPTY_BODY = YES;
				CLANG_WARN_ENUM_CONVERSION = YES;
				CLANG_WARN_INFINITE_RECURSION = YES;
				CLANG_WARN_INT_CONVERSION = YES;
				CLANG_WARN_NON_LITERAL_NULL_CONVERSION = YES;
				CLANG_WARN_OBJC_IMPLICIT_RETAIN_SELF = YES;
				CLANG_WARN_OBJC_LITERAL_CONVERSION = YES;
				CLANG_WARN_OBJC_ROOT_CLASS = YES_ERROR;
				CLANG_WARN_RANGE_LOOP_ANALYSIS = YES;
				CLANG_WARN_STRICT_PROTOTYPES = YES;
				CLANG_WARN_SUSPICIOUS_MOVE = YES;
				CLANG_WARN_UNGUARDED_AVAILABILITY = YES_AGGRESSIVE;
				CLANG_WARN_UNREACHABLE_CODE = YES;
				CLANG_WARN__DUPLICATE_METHOD_MATCH = YES;
				COPY_PHASE_STRIP = NO;
				DEBUG_INFORMATION_FORMAT = "dwarf-with-dsym";
				ENABLE_NS_ASSERTIONS = NO;
				ENABLE_STRICT_OBJC_MSGSEND = YES;
				GCC_C_LANGUAGE_STANDARD = gnu11;
				GCC_NO_COMMON_BLOCKS = YES;
				GCC_WARN_64_TO_32_BIT_CONVERSION = YES;
				GCC_WARN_ABOUT_RETURN_TYPE = YES_ERROR;
				GCC_WARN_UNDECLARED_SELECTOR = YES;
				GCC_WARN_UNINITIALIZED_AUTOS = YES_AGGRESSIVE;
				GCC_WARN_UNUSED_FUNCTION = YES;
				GCC_WARN_UNUSED_VARIABLE = YES;
				IPHONEOS_DEPLOYMENT_TARGET = 11.0;
				MTL_ENABLE_DEBUG_INFO = NO;
				MTL_FAST_MATH = YES;
				SDKROOT = iphoneos;
				SWIFT_COMPILATION_MODE = wholemodule;
				SWIFT_OPTIMIZATION_LEVEL = "-O";
				VALIDATE_PRODUCT = YES;
			};
			name = Release;
		};
		76FE3EA324379912003F179B /* Debug */ = {
			isa = XCBuildConfiguration;
			baseConfigurationReference = 842A1B4B833DABFEBA36D5AF /* Pods-Sample App.debug.xcconfig */;
			buildSettings = {
				ASSETCATALOG_COMPILER_APPICON_NAME = AppIcon;
				CODE_SIGN_STYLE = Automatic;
				CURRENT_PROJECT_VERSION = 5;
				DEVELOPMENT_TEAM = 32DWXH638D;
				INFOPLIST_FILE = "Sample App/Info.plist";
				IPHONEOS_DEPLOYMENT_TARGET = 11.0;
				LD_RUNPATH_SEARCH_PATHS = (
					"$(inherited)",
					"@executable_path/Frameworks",
				);
				PRODUCT_BUNDLE_IDENTIFIER = "com.livelike.Sample-App";
				PRODUCT_NAME = "$(TARGET_NAME)";
				SWIFT_VERSION = 5.0;
				TARGETED_DEVICE_FAMILY = "1,2";
			};
			name = Debug;
		};
		76FE3EA424379912003F179B /* Release */ = {
			isa = XCBuildConfiguration;
			baseConfigurationReference = 18CA8D5CBB21254E2489C76B /* Pods-Sample App.release.xcconfig */;
			buildSettings = {
				ASSETCATALOG_COMPILER_APPICON_NAME = AppIcon;
				CODE_SIGN_STYLE = Automatic;
				CURRENT_PROJECT_VERSION = 5;
				DEVELOPMENT_TEAM = 32DWXH638D;
				INFOPLIST_FILE = "Sample App/Info.plist";
				IPHONEOS_DEPLOYMENT_TARGET = 11.0;
				LD_RUNPATH_SEARCH_PATHS = (
					"$(inherited)",
					"@executable_path/Frameworks",
				);
				PRODUCT_BUNDLE_IDENTIFIER = "com.livelike.Sample-App";
				PRODUCT_NAME = "$(TARGET_NAME)";
				SWIFT_VERSION = 5.0;
				TARGETED_DEVICE_FAMILY = "1,2";
			};
			name = Release;
		};
/* End XCBuildConfiguration section */

/* Begin XCConfigurationList section */
		76FE3E892437990E003F179B /* Build configuration list for PBXProject "Sample App" */ = {
			isa = XCConfigurationList;
			buildConfigurations = (
				76FE3EA024379912003F179B /* Debug */,
				76FE3EA124379912003F179B /* Release */,
			);
			defaultConfigurationIsVisible = 0;
			defaultConfigurationName = Release;
		};
		76FE3EA224379912003F179B /* Build configuration list for PBXNativeTarget "Sample App" */ = {
			isa = XCConfigurationList;
			buildConfigurations = (
				76FE3EA324379912003F179B /* Debug */,
				76FE3EA424379912003F179B /* Release */,
			);
			defaultConfigurationIsVisible = 0;
			defaultConfigurationName = Release;
		};
/* End XCConfigurationList section */
	};
	rootObject = 76FE3E862437990E003F179B /* Project object */;
}
